
Microsoft Visual Studio Solution File, Format Version 12.00
Project("{FAE04EC0-301F-11D3-BF4B-00C04F79EFBC}") = "WebApplication11", "WebApplication11\WebApplication11.csproj", "{49D53DBE-5985-401D-A998-67A47DDF078F}"
EndProject
Global
	GlobalSection(SolutionConfigurationPlatforms) = preSolution
		Debug|Any CPU = Debug|Any CPU
		Release|Any CPU = Release|Any CPU
	EndGlobalSection
	GlobalSection(ProjectConfigurationPlatforms) = postSolution
		{49D53DBE-5985-401D-A998-67A47DDF078F}.Debug|Any CPU.ActiveCfg = Debug|Any CPU
		{49D53DBE-5985-401D-A998-67A47DDF078F}.Debug|Any CPU.Build.0 = Debug|Any CPU
		{49D53DBE-5985-401D-A998-67A47DDF078F}.Release|Any CPU.ActiveCfg = Release|Any CPU
		{49D53DBE-5985-401D-A998-67A47DDF078F}.Release|Any CPU.Build.0 = Release|Any CPU
	EndGlobalSection
EndGlobal
